// !$*UTF8*$!
{
	archiveVersion = 1;
	classes = {
	};
	objectVersion = 52;
	objects = {

/* Begin PBXBuildFile section */
		95BAC15ED5092B739D56F325 /* Pods_Taska.framework in Frameworks */ = {isa = PBXBuildFile; fileRef = 6F55395290D2AE9125E582BA /* Pods_Taska.framework */; };
		AB50357C248768E500E734D9 /* AboutView.swift in Sources */ = {isa = PBXBuildFile; fileRef = AB50357B248768E500E734D9 /* AboutView.swift */; };
		AB50357E2489926400E734D9 /* HostingController.swift in Sources */ = {isa = PBXBuildFile; fileRef = AB50357D2489926400E734D9 /* HostingController.swift */; };
		AB5035802489FCEA00E734D9 /* CustomTextField.swift in Sources */ = {isa = PBXBuildFile; fileRef = AB50357F2489FCEA00E734D9 /* CustomTextField.swift */; };
		AB503582248A367000E734D9 /* EditRewardsModal.swift in Sources */ = {isa = PBXBuildFile; fileRef = AB503581248A367000E734D9 /* EditRewardsModal.swift */; };
		AB66D6122462250F00059E67 /* OptionsModal.swift in Sources */ = {isa = PBXBuildFile; fileRef = AB66D6112462250F00059E67 /* OptionsModal.swift */; };
		AB66D6142462995200059E67 /* DashboardSubview.swift in Sources */ = {isa = PBXBuildFile; fileRef = AB66D6132462995200059E67 /* DashboardSubview.swift */; };
		AB66D6162463F4F000059E67 /* Reward.swift in Sources */ = {isa = PBXBuildFile; fileRef = AB66D6152463F4F000059E67 /* Reward.swift */; };
		AB66D6182463FAD300059E67 /* NewRewardModal.swift in Sources */ = {isa = PBXBuildFile; fileRef = AB66D6172463FAD300059E67 /* NewRewardModal.swift */; };
		AB66D61E2464953B00059E67 /* Rubik-Bold.ttf in Resources */ = {isa = PBXBuildFile; fileRef = AB66D61A2464953B00059E67 /* Rubik-Bold.ttf */; };
		AB66D61F2464953B00059E67 /* Rubik-Medium.ttf in Resources */ = {isa = PBXBuildFile; fileRef = AB66D61B2464953B00059E67 /* Rubik-Medium.ttf */; };
		AB66D6202464953B00059E67 /* Roboto-Medium.ttf in Resources */ = {isa = PBXBuildFile; fileRef = AB66D61C2464953B00059E67 /* Roboto-Medium.ttf */; };
		AB66D6212464953C00059E67 /* Roboto-Bold.ttf in Resources */ = {isa = PBXBuildFile; fileRef = AB66D61D2464953B00059E67 /* Roboto-Bold.ttf */; };
		AB66D6232464B0D200059E67 /* GiftBoxSubview.swift in Sources */ = {isa = PBXBuildFile; fileRef = AB66D6222464B0D200059E67 /* GiftBoxSubview.swift */; };
		AB66D6272465380900059E67 /* RewardReachedModal.swift in Sources */ = {isa = PBXBuildFile; fileRef = AB66D6262465380900059E67 /* RewardReachedModal.swift */; };
		AB66D6372480E81000059E67 /* PartialSheet in Frameworks */ = {isa = PBXBuildFile; productRef = AB66D6362480E81000059E67 /* PartialSheet */; };
		AB66D6442484BCFF00059E67 /* CustomTextView.swift in Sources */ = {isa = PBXBuildFile; fileRef = AB66D6432484BCFE00059E67 /* CustomTextView.swift */; };
		AB6E5C112457ABC8006A7AC0 /* AppDelegate.swift in Sources */ = {isa = PBXBuildFile; fileRef = AB6E5C102457ABC8006A7AC0 /* AppDelegate.swift */; };
		AB6E5C132457ABC8006A7AC0 /* SceneDelegate.swift in Sources */ = {isa = PBXBuildFile; fileRef = AB6E5C122457ABC8006A7AC0 /* SceneDelegate.swift */; };
		AB6E5C172457ABCD006A7AC0 /* Assets.xcassets in Resources */ = {isa = PBXBuildFile; fileRef = AB6E5C162457ABCD006A7AC0 /* Assets.xcassets */; };
		AB6E5C1A2457ABCD006A7AC0 /* Preview Assets.xcassets in Resources */ = {isa = PBXBuildFile; fileRef = AB6E5C192457ABCD006A7AC0 /* Preview Assets.xcassets */; };
		AB6E5C282457ABCD006A7AC0 /* esportstrackerTests.swift in Sources */ = {isa = PBXBuildFile; fileRef = AB6E5C272457ABCD006A7AC0 /* esportstrackerTests.swift */; };
		AB6E5C4B245C083C006A7AC0 /* TasksView.swift in Sources */ = {isa = PBXBuildFile; fileRef = AB6E5C45245C083B006A7AC0 /* TasksView.swift */; };
		AB6E5C4D245C083C006A7AC0 /* TaskItemSubview.swift in Sources */ = {isa = PBXBuildFile; fileRef = AB6E5C47245C083B006A7AC0 /* TaskItemSubview.swift */; };
		AB6E5C4E245C083C006A7AC0 /* Task.swift in Sources */ = {isa = PBXBuildFile; fileRef = AB6E5C49245C083B006A7AC0 /* Task.swift */; };
		AB6E5C4F245C083C006A7AC0 /* Colors.swift in Sources */ = {isa = PBXBuildFile; fileRef = AB6E5C4A245C083B006A7AC0 /* Colors.swift */; };
		AB6E5C54245E5308006A7AC0 /* NewTaskModal.swift in Sources */ = {isa = PBXBuildFile; fileRef = AB6E5C53245E5308006A7AC0 /* NewTaskModal.swift */; };
		ABE853502495DEBF00E88F3C /* Launch Screen.storyboard in Resources */ = {isa = PBXBuildFile; fileRef = ABE8534F2495DEBF00E88F3C /* Launch Screen.storyboard */; };
		FD10F8B947502946CE3EAD3D /* Pods_TaskaTests.framework in Frameworks */ = {isa = PBXBuildFile; fileRef = 13387E006F5BCDCEEB24FC0A /* Pods_TaskaTests.framework */; };
/* End PBXBuildFile section */

/* Begin PBXContainerItemProxy section */
		AB6E5C242457ABCD006A7AC0 /* PBXContainerItemProxy */ = {
			isa = PBXContainerItemProxy;
			containerPortal = AB6E5C052457ABC8006A7AC0 /* Project object */;
			proxyType = 1;
			remoteGlobalIDString = AB6E5C0C2457ABC8006A7AC0;
			remoteInfo = esportstracker;
		};
/* End PBXContainerItemProxy section */

/* Begin PBXFileReference section */
		13387E006F5BCDCEEB24FC0A /* Pods_TaskaTests.framework */ = {isa = PBXFileReference; explicitFileType = wrapper.framework; includeInIndex = 0; path = Pods_TaskaTests.framework; sourceTree = BUILT_PRODUCTS_DIR; };
		2DC79549850DF675268C4AB0 /* Pods-Taska.release.xcconfig */ = {isa = PBXFileReference; includeInIndex = 1; lastKnownFileType = text.xcconfig; name = "Pods-Taska.release.xcconfig"; path = "Target Support Files/Pods-Taska/Pods-Taska.release.xcconfig"; sourceTree = "<group>"; };
		6F55395290D2AE9125E582BA /* Pods_Taska.framework */ = {isa = PBXFileReference; explicitFileType = wrapper.framework; includeInIndex = 0; path = Pods_Taska.framework; sourceTree = BUILT_PRODUCTS_DIR; };
		A68612060A281F62B4DBE86C /* Pods-TaskaTests.release.xcconfig */ = {isa = PBXFileReference; includeInIndex = 1; lastKnownFileType = text.xcconfig; name = "Pods-TaskaTests.release.xcconfig"; path = "Target Support Files/Pods-TaskaTests/Pods-TaskaTests.release.xcconfig"; sourceTree = "<group>"; };
		AB50357B248768E500E734D9 /* AboutView.swift */ = {isa = PBXFileReference; lastKnownFileType = sourcecode.swift; path = AboutView.swift; sourceTree = "<group>"; };
		AB50357D2489926400E734D9 /* HostingController.swift */ = {isa = PBXFileReference; lastKnownFileType = sourcecode.swift; path = HostingController.swift; sourceTree = "<group>"; };
		AB50357F2489FCEA00E734D9 /* CustomTextField.swift */ = {isa = PBXFileReference; lastKnownFileType = sourcecode.swift; path = CustomTextField.swift; sourceTree = "<group>"; };
		AB503581248A367000E734D9 /* EditRewardsModal.swift */ = {isa = PBXFileReference; lastKnownFileType = sourcecode.swift; path = EditRewardsModal.swift; sourceTree = "<group>"; };
		AB66D6112462250F00059E67 /* OptionsModal.swift */ = {isa = PBXFileReference; lastKnownFileType = sourcecode.swift; path = OptionsModal.swift; sourceTree = "<group>"; };
		AB66D6132462995200059E67 /* DashboardSubview.swift */ = {isa = PBXFileReference; lastKnownFileType = sourcecode.swift; path = DashboardSubview.swift; sourceTree = "<group>"; };
		AB66D6152463F4F000059E67 /* Reward.swift */ = {isa = PBXFileReference; lastKnownFileType = sourcecode.swift; path = Reward.swift; sourceTree = "<group>"; };
		AB66D6172463FAD300059E67 /* NewRewardModal.swift */ = {isa = PBXFileReference; lastKnownFileType = sourcecode.swift; path = NewRewardModal.swift; sourceTree = "<group>"; };
		AB66D61A2464953B00059E67 /* Rubik-Bold.ttf */ = {isa = PBXFileReference; lastKnownFileType = file; path = "Rubik-Bold.ttf"; sourceTree = "<group>"; };
		AB66D61B2464953B00059E67 /* Rubik-Medium.ttf */ = {isa = PBXFileReference; lastKnownFileType = file; path = "Rubik-Medium.ttf"; sourceTree = "<group>"; };
		AB66D61C2464953B00059E67 /* Roboto-Medium.ttf */ = {isa = PBXFileReference; lastKnownFileType = file; path = "Roboto-Medium.ttf"; sourceTree = "<group>"; };
		AB66D61D2464953B00059E67 /* Roboto-Bold.ttf */ = {isa = PBXFileReference; lastKnownFileType = file; path = "Roboto-Bold.ttf"; sourceTree = "<group>"; };
		AB66D6222464B0D200059E67 /* GiftBoxSubview.swift */ = {isa = PBXFileReference; lastKnownFileType = sourcecode.swift; path = GiftBoxSubview.swift; sourceTree = "<group>"; };
		AB66D6262465380900059E67 /* RewardReachedModal.swift */ = {isa = PBXFileReference; lastKnownFileType = sourcecode.swift; path = RewardReachedModal.swift; sourceTree = "<group>"; };
		AB66D63A2480EBAE00059E67 /* PartialSheet */ = {isa = PBXFileReference; lastKnownFileType = folder; name = PartialSheet; path = ../../../../Desktop/PartialSheet; sourceTree = "<group>"; };
		AB66D6432484BCFE00059E67 /* CustomTextView.swift */ = {isa = PBXFileReference; lastKnownFileType = sourcecode.swift; path = CustomTextView.swift; sourceTree = "<group>"; };
		AB66D6452484C0A700059E67 /* Taska-Prefix.pch */ = {isa = PBXFileReference; lastKnownFileType = sourcecode.c.h; path = "Taska-Prefix.pch"; sourceTree = "<group>"; };
		AB6E5C0D2457ABC8006A7AC0 /* Motive.app */ = {isa = PBXFileReference; explicitFileType = wrapper.application; includeInIndex = 0; path = Motive.app; sourceTree = BUILT_PRODUCTS_DIR; };
		AB6E5C102457ABC8006A7AC0 /* AppDelegate.swift */ = {isa = PBXFileReference; lastKnownFileType = sourcecode.swift; path = AppDelegate.swift; sourceTree = "<group>"; };
		AB6E5C122457ABC8006A7AC0 /* SceneDelegate.swift */ = {isa = PBXFileReference; lastKnownFileType = sourcecode.swift; path = SceneDelegate.swift; sourceTree = "<group>"; };
		AB6E5C162457ABCD006A7AC0 /* Assets.xcassets */ = {isa = PBXFileReference; lastKnownFileType = folder.assetcatalog; path = Assets.xcassets; sourceTree = "<group>"; };
		AB6E5C192457ABCD006A7AC0 /* Preview Assets.xcassets */ = {isa = PBXFileReference; lastKnownFileType = folder.assetcatalog; path = "Preview Assets.xcassets"; sourceTree = "<group>"; };
		AB6E5C1E2457ABCD006A7AC0 /* Info.plist */ = {isa = PBXFileReference; lastKnownFileType = text.plist.xml; path = Info.plist; sourceTree = "<group>"; };
		AB6E5C232457ABCD006A7AC0 /* TaskaTests.xctest */ = {isa = PBXFileReference; explicitFileType = wrapper.cfbundle; includeInIndex = 0; path = TaskaTests.xctest; sourceTree = BUILT_PRODUCTS_DIR; };
		AB6E5C272457ABCD006A7AC0 /* esportstrackerTests.swift */ = {isa = PBXFileReference; lastKnownFileType = sourcecode.swift; path = esportstrackerTests.swift; sourceTree = "<group>"; };
		AB6E5C292457ABCD006A7AC0 /* Info.plist */ = {isa = PBXFileReference; lastKnownFileType = text.plist.xml; path = Info.plist; sourceTree = "<group>"; };
		AB6E5C45245C083B006A7AC0 /* TasksView.swift */ = {isa = PBXFileReference; fileEncoding = 4; lastKnownFileType = sourcecode.swift; path = TasksView.swift; sourceTree = "<group>"; };
		AB6E5C47245C083B006A7AC0 /* TaskItemSubview.swift */ = {isa = PBXFileReference; fileEncoding = 4; lastKnownFileType = sourcecode.swift; path = TaskItemSubview.swift; sourceTree = "<group>"; };
		AB6E5C49245C083B006A7AC0 /* Task.swift */ = {isa = PBXFileReference; fileEncoding = 4; lastKnownFileType = sourcecode.swift; path = Task.swift; sourceTree = "<group>"; };
		AB6E5C4A245C083B006A7AC0 /* Colors.swift */ = {isa = PBXFileReference; fileEncoding = 4; lastKnownFileType = sourcecode.swift; path = Colors.swift; sourceTree = "<group>"; };
		AB6E5C53245E5308006A7AC0 /* NewTaskModal.swift */ = {isa = PBXFileReference; lastKnownFileType = sourcecode.swift; path = NewTaskModal.swift; sourceTree = "<group>"; };
		ABE8534F2495DEBF00E88F3C /* Launch Screen.storyboard */ = {isa = PBXFileReference; lastKnownFileType = file.storyboard; path = "Launch Screen.storyboard"; sourceTree = "<group>"; };
		ADDDAB90D757028852CEE7B4 /* Pods-TaskaTests.debug.xcconfig */ = {isa = PBXFileReference; includeInIndex = 1; lastKnownFileType = text.xcconfig; name = "Pods-TaskaTests.debug.xcconfig"; path = "Target Support Files/Pods-TaskaTests/Pods-TaskaTests.debug.xcconfig"; sourceTree = "<group>"; };
		EF3E96814906B455F19B1C69 /* Pods-Taska.debug.xcconfig */ = {isa = PBXFileReference; includeInIndex = 1; lastKnownFileType = text.xcconfig; name = "Pods-Taska.debug.xcconfig"; path = "Target Support Files/Pods-Taska/Pods-Taska.debug.xcconfig"; sourceTree = "<group>"; };
/* End PBXFileReference section */

/* Begin PBXFrameworksBuildPhase section */
		AB6E5C0A2457ABC8006A7AC0 /* Frameworks */ = {
			isa = PBXFrameworksBuildPhase;
			buildActionMask = 2147483647;
			files = (
				AB66D6372480E81000059E67 /* PartialSheet in Frameworks */,
				95BAC15ED5092B739D56F325 /* Pods_Taska.framework in Frameworks */,
			);
			runOnlyForDeploymentPostprocessing = 0;
		};
		AB6E5C202457ABCD006A7AC0 /* Frameworks */ = {
			isa = PBXFrameworksBuildPhase;
			buildActionMask = 2147483647;
			files = (
				FD10F8B947502946CE3EAD3D /* Pods_TaskaTests.framework in Frameworks */,
			);
			runOnlyForDeploymentPostprocessing = 0;
		};
/* End PBXFrameworksBuildPhase section */

/* Begin PBXGroup section */
		846BA7CCCC2456DABD423E7C /* Pods */ = {
			isa = PBXGroup;
			children = (
				EF3E96814906B455F19B1C69 /* Pods-Taska.debug.xcconfig */,
				2DC79549850DF675268C4AB0 /* Pods-Taska.release.xcconfig */,
				ADDDAB90D757028852CEE7B4 /* Pods-TaskaTests.debug.xcconfig */,
				A68612060A281F62B4DBE86C /* Pods-TaskaTests.release.xcconfig */,
			);
			path = Pods;
			sourceTree = "<group>";
		};
		AB66D6192464938000059E67 /* Font */ = {
			isa = PBXGroup;
			children = (
				AB66D61D2464953B00059E67 /* Roboto-Bold.ttf */,
				AB66D61C2464953B00059E67 /* Roboto-Medium.ttf */,
				AB66D61A2464953B00059E67 /* Rubik-Bold.ttf */,
				AB66D61B2464953B00059E67 /* Rubik-Medium.ttf */,
			);
			path = Font;
			sourceTree = "<group>";
		};
		AB66D62B2480E0BC00059E67 /* Frameworks */ = {
			isa = PBXGroup;
			children = (
				6F55395290D2AE9125E582BA /* Pods_Taska.framework */,
				13387E006F5BCDCEEB24FC0A /* Pods_TaskaTests.framework */,
			);
			name = Frameworks;
			sourceTree = "<group>";
		};
		AB6E5C042457ABC8006A7AC0 = {
			isa = PBXGroup;
			children = (
				AB66D63A2480EBAE00059E67 /* PartialSheet */,
				AB6E5C0F2457ABC8006A7AC0 /* Taska */,
				AB6E5C262457ABCD006A7AC0 /* TaskaTests */,
				AB6E5C0E2457ABC8006A7AC0 /* Products */,
				AB66D62B2480E0BC00059E67 /* Frameworks */,
				846BA7CCCC2456DABD423E7C /* Pods */,
			);
			sourceTree = "<group>";
		};
		AB6E5C0E2457ABC8006A7AC0 /* Products */ = {
			isa = PBXGroup;
			children = (
				AB6E5C0D2457ABC8006A7AC0 /* Motive.app */,
				AB6E5C232457ABCD006A7AC0 /* TaskaTests.xctest */,
			);
			name = Products;
			sourceTree = "<group>";
		};
		AB6E5C0F2457ABC8006A7AC0 /* Taska */ = {
			isa = PBXGroup;
			children = (
				AB66D6192464938000059E67 /* Font */,
				AB6E5C48245C083B006A7AC0 /* Models */,
				AB6E5C44245C083B006A7AC0 /* Views */,
				AB50357D2489926400E734D9 /* HostingController.swift */,
				AB6E5C102457ABC8006A7AC0 /* AppDelegate.swift */,
				AB6E5C122457ABC8006A7AC0 /* SceneDelegate.swift */,
				AB66D6452484C0A700059E67 /* Taska-Prefix.pch */,
				AB6E5C162457ABCD006A7AC0 /* Assets.xcassets */,
				AB6E5C1E2457ABCD006A7AC0 /* Info.plist */,
				AB6E5C182457ABCD006A7AC0 /* Preview Content */,
				ABE8534F2495DEBF00E88F3C /* Launch Screen.storyboard */,
			);
			path = Taska;
			sourceTree = "<group>";
		};
		AB6E5C182457ABCD006A7AC0 /* Preview Content */ = {
			isa = PBXGroup;
			children = (
				AB6E5C192457ABCD006A7AC0 /* Preview Assets.xcassets */,
			);
			path = "Preview Content";
			sourceTree = "<group>";
		};
		AB6E5C262457ABCD006A7AC0 /* TaskaTests */ = {
			isa = PBXGroup;
			children = (
				AB6E5C272457ABCD006A7AC0 /* esportstrackerTests.swift */,
				AB6E5C292457ABCD006A7AC0 /* Info.plist */,
			);
			path = TaskaTests;
			sourceTree = "<group>";
		};
		AB6E5C44245C083B006A7AC0 /* Views */ = {
			isa = PBXGroup;
			children = (
				AB6E5C45245C083B006A7AC0 /* TasksView.swift */,
				AB6E5C47245C083B006A7AC0 /* TaskItemSubview.swift */,
				AB66D6432484BCFE00059E67 /* CustomTextView.swift */,
				AB50357F2489FCEA00E734D9 /* CustomTextField.swift */,
				AB66D6222464B0D200059E67 /* GiftBoxSubview.swift */,
				AB66D6132462995200059E67 /* DashboardSubview.swift */,
				AB6E5C53245E5308006A7AC0 /* NewTaskModal.swift */,
				AB66D6172463FAD300059E67 /* NewRewardModal.swift */,
				AB66D6112462250F00059E67 /* OptionsModal.swift */,
				AB50357B248768E500E734D9 /* AboutView.swift */,
				AB66D6262465380900059E67 /* RewardReachedModal.swift */,
				AB503581248A367000E734D9 /* EditRewardsModal.swift */,
			);
			path = Views;
			sourceTree = "<group>";
		};
		AB6E5C48245C083B006A7AC0 /* Models */ = {
			isa = PBXGroup;
			children = (
				AB6E5C49245C083B006A7AC0 /* Task.swift */,
				AB66D6152463F4F000059E67 /* Reward.swift */,
				AB6E5C4A245C083B006A7AC0 /* Colors.swift */,
			);
			path = Models;
			sourceTree = "<group>";
		};
/* End PBXGroup section */

/* Begin PBXNativeTarget section */
		AB6E5C0C2457ABC8006A7AC0 /* Taska */ = {
			isa = PBXNativeTarget;
			buildConfigurationList = AB6E5C2C2457ABCD006A7AC0 /* Build configuration list for PBXNativeTarget "Taska" */;
			buildPhases = (
				1EE3623C852D34CA132A3714 /* [CP] Check Pods Manifest.lock */,
				AB6E5C092457ABC8006A7AC0 /* Sources */,
				AB6E5C0A2457ABC8006A7AC0 /* Frameworks */,
				AB6E5C0B2457ABC8006A7AC0 /* Resources */,
				C6AFCB825F1EF969BC022E16 /* [CP] Embed Pods Frameworks */,
			);
			buildRules = (
			);
			dependencies = (
			);
			name = Taska;
			packageProductDependencies = (
				AB66D6362480E81000059E67 /* PartialSheet */,
			);
			productName = esportstracker;
			productReference = AB6E5C0D2457ABC8006A7AC0 /* Motive.app */;
			productType = "com.apple.product-type.application";
		};
		AB6E5C222457ABCD006A7AC0 /* TaskaTests */ = {
			isa = PBXNativeTarget;
			buildConfigurationList = AB6E5C2F2457ABCD006A7AC0 /* Build configuration list for PBXNativeTarget "TaskaTests" */;
			buildPhases = (
				E19A69BE70C281D8B899221C /* [CP] Check Pods Manifest.lock */,
				AB6E5C1F2457ABCD006A7AC0 /* Sources */,
				AB6E5C202457ABCD006A7AC0 /* Frameworks */,
				AB6E5C212457ABCD006A7AC0 /* Resources */,
				4CFA11F1E1C58AF6BBAB4CE8 /* [CP] Embed Pods Frameworks */,
			);
			buildRules = (
			);
			dependencies = (
				AB6E5C252457ABCD006A7AC0 /* PBXTargetDependency */,
			);
			name = TaskaTests;
			productName = esportstrackerTests;
			productReference = AB6E5C232457ABCD006A7AC0 /* TaskaTests.xctest */;
			productType = "com.apple.product-type.bundle.unit-test";
		};
/* End PBXNativeTarget section */

/* Begin PBXProject section */
		AB6E5C052457ABC8006A7AC0 /* Project object */ = {
			isa = PBXProject;
			attributes = {
				LastSwiftUpdateCheck = 1140;
				LastUpgradeCheck = 1140;
				ORGANIZATIONNAME = six;
				TargetAttributes = {
					AB6E5C0C2457ABC8006A7AC0 = {
						CreatedOnToolsVersion = 11.4;
					};
					AB6E5C222457ABCD006A7AC0 = {
						CreatedOnToolsVersion = 11.4;
						TestTargetID = AB6E5C0C2457ABC8006A7AC0;
					};
				};
			};
			buildConfigurationList = AB6E5C082457ABC8006A7AC0 /* Build configuration list for PBXProject "Taska" */;
			compatibilityVersion = "Xcode 9.3";
			developmentRegion = en;
			hasScannedForEncodings = 0;
			knownRegions = (
				en,
				Base,
			);
			mainGroup = AB6E5C042457ABC8006A7AC0;
			packageReferences = (
				AB66D6352480E81000059E67 /* XCRemoteSwiftPackageReference "PartialSheet" */,
			);
			productRefGroup = AB6E5C0E2457ABC8006A7AC0 /* Products */;
			projectDirPath = "";
			projectRoot = "";
			targets = (
				AB6E5C0C2457ABC8006A7AC0 /* Taska */,
				AB6E5C222457ABCD006A7AC0 /* TaskaTests */,
			);
		};
/* End PBXProject section */

/* Begin PBXResourcesBuildPhase section */
		AB6E5C0B2457ABC8006A7AC0 /* Resources */ = {
			isa = PBXResourcesBuildPhase;
			buildActionMask = 2147483647;
			files = (
				AB66D6212464953C00059E67 /* Roboto-Bold.ttf in Resources */,
				AB66D61E2464953B00059E67 /* Rubik-Bold.ttf in Resources */,
				AB66D6202464953B00059E67 /* Roboto-Medium.ttf in Resources */,
				AB6E5C1A2457ABCD006A7AC0 /* Preview Assets.xcassets in Resources */,
				AB6E5C172457ABCD006A7AC0 /* Assets.xcassets in Resources */,
				AB66D61F2464953B00059E67 /* Rubik-Medium.ttf in Resources */,
				ABE853502495DEBF00E88F3C /* Launch Screen.storyboard in Resources */,
			);
			runOnlyForDeploymentPostprocessing = 0;
		};
		AB6E5C212457ABCD006A7AC0 /* Resources */ = {
			isa = PBXResourcesBuildPhase;
			buildActionMask = 2147483647;
			files = (
			);
			runOnlyForDeploymentPostprocessing = 0;
		};
/* End PBXResourcesBuildPhase section */

/* Begin PBXShellScriptBuildPhase section */
		1EE3623C852D34CA132A3714 /* [CP] Check Pods Manifest.lock */ = {
			isa = PBXShellScriptBuildPhase;
			buildActionMask = 2147483647;
			files = (
			);
			inputFileListPaths = (
			);
			inputPaths = (
				"${PODS_PODFILE_DIR_PATH}/Podfile.lock",
				"${PODS_ROOT}/Manifest.lock",
			);
			name = "[CP] Check Pods Manifest.lock";
			outputFileListPaths = (
			);
			outputPaths = (
				"$(DERIVED_FILE_DIR)/Pods-Taska-checkManifestLockResult.txt",
			);
			runOnlyForDeploymentPostprocessing = 0;
			shellPath = /bin/sh;
			shellScript = "diff \"${PODS_PODFILE_DIR_PATH}/Podfile.lock\" \"${PODS_ROOT}/Manifest.lock\" > /dev/null\nif [ $? != 0 ] ; then\n    # print error to STDERR\n    echo \"error: The sandbox is not in sync with the Podfile.lock. Run 'pod install' or update your CocoaPods installation.\" >&2\n    exit 1\nfi\n# This output is used by Xcode 'outputs' to avoid re-running this script phase.\necho \"SUCCESS\" > \"${SCRIPT_OUTPUT_FILE_0}\"\n";
			showEnvVarsInLog = 0;
		};
		4CFA11F1E1C58AF6BBAB4CE8 /* [CP] Embed Pods Frameworks */ = {
			isa = PBXShellScriptBuildPhase;
			buildActionMask = 2147483647;
			files = (
			);
			inputFileListPaths = (
				"${PODS_ROOT}/Target Support Files/Pods-TaskaTests/Pods-TaskaTests-frameworks-${CONFIGURATION}-input-files.xcfilelist",
			);
			name = "[CP] Embed Pods Frameworks";
			outputFileListPaths = (
				"${PODS_ROOT}/Target Support Files/Pods-TaskaTests/Pods-TaskaTests-frameworks-${CONFIGURATION}-output-files.xcfilelist",
			);
			runOnlyForDeploymentPostprocessing = 0;
			shellPath = /bin/sh;
			shellScript = "\"${PODS_ROOT}/Target Support Files/Pods-TaskaTests/Pods-TaskaTests-frameworks.sh\"\n";
			showEnvVarsInLog = 0;
		};
		C6AFCB825F1EF969BC022E16 /* [CP] Embed Pods Frameworks */ = {
			isa = PBXShellScriptBuildPhase;
			buildActionMask = 2147483647;
			files = (
			);
			inputFileListPaths = (
				"${PODS_ROOT}/Target Support Files/Pods-Taska/Pods-Taska-frameworks-${CONFIGURATION}-input-files.xcfilelist",
			);
			name = "[CP] Embed Pods Frameworks";
			outputFileListPaths = (
				"${PODS_ROOT}/Target Support Files/Pods-Taska/Pods-Taska-frameworks-${CONFIGURATION}-output-files.xcfilelist",
			);
			runOnlyForDeploymentPostprocessing = 0;
			shellPath = /bin/sh;
			shellScript = "\"${PODS_ROOT}/Target Support Files/Pods-Taska/Pods-Taska-frameworks.sh\"\n";
			showEnvVarsInLog = 0;
		};
		E19A69BE70C281D8B899221C /* [CP] Check Pods Manifest.lock */ = {
			isa = PBXShellScriptBuildPhase;
			buildActionMask = 2147483647;
			files = (
			);
			inputFileListPaths = (
			);
			inputPaths = (
				"${PODS_PODFILE_DIR_PATH}/Podfile.lock",
				"${PODS_ROOT}/Manifest.lock",
			);
			name = "[CP] Check Pods Manifest.lock";
			outputFileListPaths = (
			);
			outputPaths = (
				"$(DERIVED_FILE_DIR)/Pods-TaskaTests-checkManifestLockResult.txt",
			);
			runOnlyForDeploymentPostprocessing = 0;
			shellPath = /bin/sh;
			shellScript = "diff \"${PODS_PODFILE_DIR_PATH}/Podfile.lock\" \"${PODS_ROOT}/Manifest.lock\" > /dev/null\nif [ $? != 0 ] ; then\n    # print error to STDERR\n    echo \"error: The sandbox is not in sync with the Podfile.lock. Run 'pod install' or update your CocoaPods installation.\" >&2\n    exit 1\nfi\n# This output is used by Xcode 'outputs' to avoid re-running this script phase.\necho \"SUCCESS\" > \"${SCRIPT_OUTPUT_FILE_0}\"\n";
			showEnvVarsInLog = 0;
		};
/* End PBXShellScriptBuildPhase section */

/* Begin PBXSourcesBuildPhase section */
		AB6E5C092457ABC8006A7AC0 /* Sources */ = {
			isa = PBXSourcesBuildPhase;
			buildActionMask = 2147483647;
			files = (
				AB66D6122462250F00059E67 /* OptionsModal.swift in Sources */,
				AB66D6232464B0D200059E67 /* GiftBoxSubview.swift in Sources */,
				AB6E5C4F245C083C006A7AC0 /* Colors.swift in Sources */,
				AB6E5C112457ABC8006A7AC0 /* AppDelegate.swift in Sources */,
				AB503582248A367000E734D9 /* EditRewardsModal.swift in Sources */,
				AB6E5C132457ABC8006A7AC0 /* SceneDelegate.swift in Sources */,
				AB5035802489FCEA00E734D9 /* CustomTextField.swift in Sources */,
				AB66D6162463F4F000059E67 /* Reward.swift in Sources */,
				AB50357E2489926400E734D9 /* HostingController.swift in Sources */,
				AB66D6142462995200059E67 /* DashboardSubview.swift in Sources */,
				AB6E5C4B245C083C006A7AC0 /* TasksView.swift in Sources */,
				AB66D6182463FAD300059E67 /* NewRewardModal.swift in Sources */,
				AB66D6272465380900059E67 /* RewardReachedModal.swift in Sources */,
				AB6E5C4E245C083C006A7AC0 /* Task.swift in Sources */,
				AB66D6442484BCFF00059E67 /* CustomTextView.swift in Sources */,
				AB50357C248768E500E734D9 /* AboutView.swift in Sources */,
				AB6E5C4D245C083C006A7AC0 /* TaskItemSubview.swift in Sources */,
				AB6E5C54245E5308006A7AC0 /* NewTaskModal.swift in Sources */,
			);
			runOnlyForDeploymentPostprocessing = 0;
		};
		AB6E5C1F2457ABCD006A7AC0 /* Sources */ = {
			isa = PBXSourcesBuildPhase;
			buildActionMask = 2147483647;
			files = (
				AB6E5C282457ABCD006A7AC0 /* esportstrackerTests.swift in Sources */,
			);
			runOnlyForDeploymentPostprocessing = 0;
		};
/* End PBXSourcesBuildPhase section */

/* Begin PBXTargetDependency section */
		AB6E5C252457ABCD006A7AC0 /* PBXTargetDependency */ = {
			isa = PBXTargetDependency;
			target = AB6E5C0C2457ABC8006A7AC0 /* Taska */;
			targetProxy = AB6E5C242457ABCD006A7AC0 /* PBXContainerItemProxy */;
		};
/* End PBXTargetDependency section */

/* Begin XCBuildConfiguration section */
		AB6E5C2A2457ABCD006A7AC0 /* Debug */ = {
			isa = XCBuildConfiguration;
			buildSettings = {
				ALWAYS_SEARCH_USER_PATHS = NO;
				CLANG_ANALYZER_NONNULL = YES;
				CLANG_ANALYZER_NUMBER_OBJECT_CONVERSION = YES_AGGRESSIVE;
				CLANG_CXX_LANGUAGE_STANDARD = "gnu++14";
				CLANG_CXX_LIBRARY = "libc++";
				CLANG_ENABLE_MODULES = YES;
				CLANG_ENABLE_OBJC_ARC = YES;
				CLANG_ENABLE_OBJC_WEAK = YES;
				CLANG_WARN_BLOCK_CAPTURE_AUTORELEASING = YES;
				CLANG_WARN_BOOL_CONVERSION = YES;
				CLANG_WARN_COMMA = YES;
				CLANG_WARN_CONSTANT_CONVERSION = YES;
				CLANG_WARN_DEPRECATED_OBJC_IMPLEMENTATIONS = YES;
				CLANG_WARN_DIRECT_OBJC_ISA_USAGE = YES_ERROR;
				CLANG_WARN_DOCUMENTATION_COMMENTS = YES;
				CLANG_WARN_EMPTY_BODY = YES;
				CLANG_WARN_ENUM_CONVERSION = YES;
				CLANG_WARN_INFINITE_RECURSION = YES;
				CLANG_WARN_INT_CONVERSION = YES;
				CLANG_WARN_NON_LITERAL_NULL_CONVERSION = YES;
				CLANG_WARN_OBJC_IMPLICIT_RETAIN_SELF = YES;
				CLANG_WARN_OBJC_LITERAL_CONVERSION = YES;
				CLANG_WARN_OBJC_ROOT_CLASS = YES_ERROR;
				CLANG_WARN_RANGE_LOOP_ANALYSIS = YES;
				CLANG_WARN_STRICT_PROTOTYPES = YES;
				CLANG_WARN_SUSPICIOUS_MOVE = YES;
				CLANG_WARN_UNGUARDED_AVAILABILITY = YES_AGGRESSIVE;
				CLANG_WARN_UNREACHABLE_CODE = YES;
				CLANG_WARN__DUPLICATE_METHOD_MATCH = YES;
				COPY_PHASE_STRIP = NO;
				DEBUG_INFORMATION_FORMAT = dwarf;
				ENABLE_STRICT_OBJC_MSGSEND = YES;
				ENABLE_TESTABILITY = YES;
				GCC_C_LANGUAGE_STANDARD = gnu11;
				GCC_DYNAMIC_NO_PIC = NO;
				GCC_NO_COMMON_BLOCKS = YES;
				GCC_OPTIMIZATION_LEVEL = 0;
				GCC_PREFIX_HEADER = "$(SRCROOT)/Taska-Prefix.pch";
				GCC_PREPROCESSOR_DEFINITIONS = (
					"DEBUG=1",
					"$(inherited)",
				);
				GCC_WARN_64_TO_32_BIT_CONVERSION = YES;
				GCC_WARN_ABOUT_RETURN_TYPE = YES_ERROR;
				GCC_WARN_UNDECLARED_SELECTOR = YES;
				GCC_WARN_UNINITIALIZED_AUTOS = YES_AGGRESSIVE;
				GCC_WARN_UNUSED_FUNCTION = YES;
				GCC_WARN_UNUSED_VARIABLE = YES;
				IPHONEOS_DEPLOYMENT_TARGET = 13.4;
				MTL_ENABLE_DEBUG_INFO = INCLUDE_SOURCE;
				MTL_FAST_MATH = YES;
				ONLY_ACTIVE_ARCH = YES;
				SDKROOT = iphoneos;
				SWIFT_ACTIVE_COMPILATION_CONDITIONS = DEBUG;
				SWIFT_OPTIMIZATION_LEVEL = "-Onone";
			};
			name = Debug;
		};
		AB6E5C2B2457ABCD006A7AC0 /* Release */ = {
			isa = XCBuildConfiguration;
			buildSettings = {
				ALWAYS_SEARCH_USER_PATHS = NO;
				CLANG_ANALYZER_NONNULL = YES;
				CLANG_ANALYZER_NUMBER_OBJECT_CONVERSION = YES_AGGRESSIVE;
				CLANG_CXX_LANGUAGE_STANDARD = "gnu++14";
				CLANG_CXX_LIBRARY = "libc++";
				CLANG_ENABLE_MODULES = YES;
				CLANG_ENABLE_OBJC_ARC = YES;
				CLANG_ENABLE_OBJC_WEAK = YES;
				CLANG_WARN_BLOCK_CAPTURE_AUTORELEASING = YES;
				CLANG_WARN_BOOL_CONVERSION = YES;
				CLANG_WARN_COMMA = YES;
				CLANG_WARN_CONSTANT_CONVERSION = YES;
				CLANG_WARN_DEPRECATED_OBJC_IMPLEMENTATIONS = YES;
				CLANG_WARN_DIRECT_OBJC_ISA_USAGE = YES_ERROR;
				CLANG_WARN_DOCUMENTATION_COMMENTS = YES;
				CLANG_WARN_EMPTY_BODY = YES;
				CLANG_WARN_ENUM_CONVERSION = YES;
				CLANG_WARN_INFINITE_RECURSION = YES;
				CLANG_WARN_INT_CONVERSION = YES;
				CLANG_WARN_NON_LITERAL_NULL_CONVERSION = YES;
				CLANG_WARN_OBJC_IMPLICIT_RETAIN_SELF = YES;
				CLANG_WARN_OBJC_LITERAL_CONVERSION = YES;
				CLANG_WARN_OBJC_ROOT_CLASS = YES_ERROR;
				CLANG_WARN_RANGE_LOOP_ANALYSIS = YES;
				CLANG_WARN_STRICT_PROTOTYPES = YES;
				CLANG_WARN_SUSPICIOUS_MOVE = YES;
				CLANG_WARN_UNGUARDED_AVAILABILITY = YES_AGGRESSIVE;
				CLANG_WARN_UNREACHABLE_CODE = YES;
				CLANG_WARN__DUPLICATE_METHOD_MATCH = YES;
				COPY_PHASE_STRIP = NO;
				DEBUG_INFORMATION_FORMAT = "dwarf-with-dsym";
				ENABLE_NS_ASSERTIONS = NO;
				ENABLE_STRICT_OBJC_MSGSEND = YES;
				GCC_C_LANGUAGE_STANDARD = gnu11;
				GCC_NO_COMMON_BLOCKS = YES;
				GCC_PREFIX_HEADER = "$(SRCROOT)/Taska-Prefix.pch";
				GCC_WARN_64_TO_32_BIT_CONVERSION = YES;
				GCC_WARN_ABOUT_RETURN_TYPE = YES_ERROR;
				GCC_WARN_UNDECLARED_SELECTOR = YES;
				GCC_WARN_UNINITIALIZED_AUTOS = YES_AGGRESSIVE;
				GCC_WARN_UNUSED_FUNCTION = YES;
				GCC_WARN_UNUSED_VARIABLE = YES;
				IPHONEOS_DEPLOYMENT_TARGET = 13.4;
				MTL_ENABLE_DEBUG_INFO = NO;
				MTL_FAST_MATH = YES;
				SDKROOT = iphoneos;
				SWIFT_COMPILATION_MODE = wholemodule;
				SWIFT_OPTIMIZATION_LEVEL = "-O";
				VALIDATE_PRODUCT = YES;
			};
			name = Release;
		};
		AB6E5C2D2457ABCD006A7AC0 /* Debug */ = {
			isa = XCBuildConfiguration;
			baseConfigurationReference = EF3E96814906B455F19B1C69 /* Pods-Taska.debug.xcconfig */;
			buildSettings = {
				ASSETCATALOG_COMPILER_APPICON_NAME = AppIcon;
				CODE_SIGN_STYLE = Automatic;
				DEVELOPMENT_ASSET_PATHS = "\"Taska/Preview Content\"";
				DEVELOPMENT_TEAM = EG7G6MZGBM;
				ENABLE_PREVIEWS = YES;
				FRAMEWORK_SEARCH_PATHS = "$(inherited)";
				INFOPLIST_FILE = Taska/Info.plist;
				LD_RUNPATH_SEARCH_PATHS = (
					"$(inherited)",
					"@executable_path/Frameworks",
				);
				PRODUCT_BUNDLE_IDENTIFIER = com.six.taska;
				PRODUCT_NAME = Motive;
				SWIFT_VERSION = 5.0;
				TARGETED_DEVICE_FAMILY = 1;
			};
			name = Debug;
		};
		AB6E5C2E2457ABCD006A7AC0 /* Release */ = {
			isa = XCBuildConfiguration;
			baseConfigurationReference = 2DC79549850DF675268C4AB0 /* Pods-Taska.release.xcconfig */;
			buildSettings = {
				ASSETCATALOG_COMPILER_APPICON_NAME = AppIcon;
				CODE_SIGN_STYLE = Automatic;
				DEVELOPMENT_ASSET_PATHS = "\"Taska/Preview Content\"";
				DEVELOPMENT_TEAM = EG7G6MZGBM;
				ENABLE_PREVIEWS = YES;
				FRAMEWORK_SEARCH_PATHS = "$(inherited)";
				INFOPLIST_FILE = Taska/Info.plist;
				LD_RUNPATH_SEARCH_PATHS = (
					"$(inherited)",
					"@executable_path/Frameworks",
				);
				PRODUCT_BUNDLE_IDENTIFIER = com.six.taska;
				PRODUCT_NAME = Motive;
				SWIFT_VERSION = 5.0;
				TARGETED_DEVICE_FAMILY = 1;
			};
			name = Release;
		};
		AB6E5C302457ABCD006A7AC0 /* Debug */ = {
			isa = XCBuildConfiguration;
			baseConfigurationReference = ADDDAB90D757028852CEE7B4 /* Pods-TaskaTests.debug.xcconfig */;
			buildSettings = {
				ALWAYS_EMBED_SWIFT_STANDARD_LIBRARIES = YES;
				BUNDLE_LOADER = "$(TEST_HOST)";
				CODE_SIGN_STYLE = Automatic;
				DEVELOPMENT_TEAM = EG7G6MZGBM;
				INFOPLIST_FILE = esportstrackerTests/Info.plist;
				IPHONEOS_DEPLOYMENT_TARGET = 13.4;
				LD_RUNPATH_SEARCH_PATHS = (
					"$(inherited)",
					"@executable_path/Frameworks",
					"@loader_path/Frameworks",
				);
				PRODUCT_BUNDLE_IDENTIFIER = com.six.esportstrackerTests;
				PRODUCT_NAME = "$(TARGET_NAME)";
				SWIFT_VERSION = 5.0;
				TARGETED_DEVICE_FAMILY = "1,2";
				TEST_HOST = "$(BUILT_PRODUCTS_DIR)/Taska.app/Taska";
			};
			name = Debug;
		};
		AB6E5C312457ABCD006A7AC0 /* Release */ = {
			isa = XCBuildConfiguration;
			baseConfigurationReference = A68612060A281F62B4DBE86C /* Pods-TaskaTests.release.xcconfig */;
			buildSettings = {
				ALWAYS_EMBED_SWIFT_STANDARD_LIBRARIES = YES;
				BUNDLE_LOADER = "$(TEST_HOST)";
				CODE_SIGN_STYLE = Automatic;
				DEVELOPMENT_TEAM = EG7G6MZGBM;
				INFOPLIST_FILE = esportstrackerTests/Info.plist;
				IPHONEOS_DEPLOYMENT_TARGET = 13.4;
				LD_RUNPATH_SEARCH_PATHS = (
					"$(inherited)",
					"@executable_path/Frameworks",
					"@loader_path/Frameworks",
				);
				PRODUCT_BUNDLE_IDENTIFIER = com.six.esportstrackerTests;
				PRODUCT_NAME = "$(TARGET_NAME)";
				SWIFT_VERSION = 5.0;
				TARGETED_DEVICE_FAMILY = "1,2";
				TEST_HOST = "$(BUILT_PRODUCTS_DIR)/Taska.app/Taska";
			};
			name = Release;
		};
/* End XCBuildConfiguration section */

/* Begin XCConfigurationList section */
		AB6E5C082457ABC8006A7AC0 /* Build configuration list for PBXProject "Taska" */ = {
			isa = XCConfigurationList;
			buildConfigurations = (
				AB6E5C2A2457ABCD006A7AC0 /* Debug */,
				AB6E5C2B2457ABCD006A7AC0 /* Release */,
			);
			defaultConfigurationIsVisible = 0;
			defaultConfigurationName = Release;
		};
		AB6E5C2C2457ABCD006A7AC0 /* Build configuration list for PBXNativeTarget "Taska" */ = {
			isa = XCConfigurationList;
			buildConfigurations = (
				AB6E5C2D2457ABCD006A7AC0 /* Debug */,
				AB6E5C2E2457ABCD006A7AC0 /* Release */,
			);
			defaultConfigurationIsVisible = 0;
			defaultConfigurationName = Release;
		};
		AB6E5C2F2457ABCD006A7AC0 /* Build configuration list for PBXNativeTarget "TaskaTests" */ = {
			isa = XCConfigurationList;
			buildConfigurations = (
				AB6E5C302457ABCD006A7AC0 /* Debug */,
				AB6E5C312457ABCD006A7AC0 /* Release */,
			);
			defaultConfigurationIsVisible = 0;
			defaultConfigurationName = Release;
		};
/* End XCConfigurationList section */

/* Begin XCRemoteSwiftPackageReference section */
		AB66D6352480E81000059E67 /* XCRemoteSwiftPackageReference "PartialSheet" */ = {
			isa = XCRemoteSwiftPackageReference;
			repositoryURL = "https://github.com/AndreaMiotto/PartialSheet.git";
			requirement = {
				kind = upToNextMajorVersion;
				minimumVersion = 2.1.4;
			};
		};
/* End XCRemoteSwiftPackageReference section */

/* Begin XCSwiftPackageProductDependency section */
		AB66D6362480E81000059E67 /* PartialSheet */ = {
			isa = XCSwiftPackageProductDependency;
			package = AB66D6352480E81000059E67 /* XCRemoteSwiftPackageReference "PartialSheet" */;
			productName = PartialSheet;
		};
/* End XCSwiftPackageProductDependency section */
	};
	rootObject = AB6E5C052457ABC8006A7AC0 /* Project object */;
}
