{
  "object": {
    "pins": [
      {
        "package": "PartialSheet",
        "repositoryURL": "https://github.com/AndreaMiotto/PartialSheet",
        "state": {
          "branch": null,
          "revision": "1d6c1ba08932789df5df0477f81f61e4ce136925",
          "version": "2.1.1"
        }
      }
    ]
  },
  "version": 1
}
